<?xml version="1.0" encoding="utf-8"?>
<Project ToolsVersion="4.0" xmlns="http://schemas.microsoft.com/developer/msbuild/2003">
  <ItemGroup>
    <Filter Include="Файлы исходного кода">
      <UniqueIdentifier>{4FC737F1-C7A5-4376-A066-2A32D752A2FF}</UniqueIdentifier>
      <Extensions>cpp;c;cc;cxx;def;odl;idl;hpj;bat;asm;asmx</Extensions>
    </Filter>
    <Filter Include="Заголовочные файлы">
      <UniqueIdentifier>{93995380-89BD-4b04-88EB-625FBE52EBFB}</UniqueIdentifier>
      <Extensions>h;hh;hpp;hxx;hm;inl;inc;xsd</Extensions>
    </Filter>
    <Filter Include="Файлы ресурсов">
      <UniqueIdentifier>{67DA6AB6-F800-4c08-8B7A-83BB121AAD01}</UniqueIdentifier>
      <Extensions>rc;ico;cur;bmp;dlg;rc2;rct;bin;rgs;gif;jpg;jpeg;jpe;resx;tiff;tif;png;wav;mfcribbon-ms</Extensions>
    </Filter>
    <Filter Include="Заголовочные файлы\Math">
      <UniqueIdentifier>{b5d5e4d0-606e-404d-9f47-b0f27b1fd935}</UniqueIdentifier>
    </Filter>
    <Filter Include="Файлы исходного кода\Math">
      <UniqueIdentifier>{50ebf82c-e0c2-4694-8dfd-2a6cd476decd}</UniqueIdentifier>
    </Filter>
    <Filter Include="Заголовочные файлы\Utils">
      <UniqueIdentifier>{1146c674-a5b2-4d5f-963a-f5d423c6f231}</UniqueIdentifier>
    </Filter>
    <Filter Include="Заголовочные файлы\Model">
      <UniqueIdentifier>{2460dc28-3b15-4cb0-9dea-833f7a5c70d4}</UniqueIdentifier>
    </Filter>
    <Filter Include="Файлы исходного кода\Model">
      <UniqueIdentifier>{442c3ec3-27dd-4a1a-9b5d-36f40ed2a2e9}</UniqueIdentifier>
    </Filter>
  </ItemGroup>
  <ItemGroup>
    <ClInclude Include="DWin3DLib_global.h">
      <Filter>Заголовочные файлы</Filter>
    </ClInclude>
    <ClInclude Include="Camera.h">
      <Filter>Заголовочные файлы</Filter>
    </ClInclude>
    <ClInclude Include="DehaxGL.h">
      <Filter>Заголовочные файлы</Filter>
    </ClInclude>
    <ClInclude Include="IViewport.h">
      <Filter>Заголовочные файлы</Filter>
    </ClInclude>
    <ClInclude Include="Scene.h">
      <Filter>Заголовочные файлы</Filter>
    </ClInclude>
    <ClInclude Include="Math\Matrix.h">
      <Filter>Заголовочные файлы\Math</Filter>
    </ClInclude>
    <ClInclude Include="Math\Vec2i.h">
      <Filter>Заголовочные файлы\Math</Filter>
    </ClInclude>
    <ClInclude Include="Math\Vec3f.h">
      <Filter>Заголовочные файлы\Math</Filter>
    </ClInclude>
    <ClInclude Include="Math\Vec3i.h">
      <Filter>Заголовочные файлы\Math</Filter>
    </ClInclude>
    <ClInclude Include="Math\Vec4f.h">
      <Filter>Заголовочные файлы\Math</Filter>
    </ClInclude>
    <ClInclude Include="Utils\Utils.h">
      <Filter>Заголовочные файлы\Utils</Filter>
    </ClInclude>
    <ClInclude Include="Model\Face.h">
      <Filter>Заголовочные файлы\Model</Filter>
    </ClInclude>
    <ClInclude Include="Model\Mesh.h">
      <Filter>Заголовочные файлы\Model</Filter>
    </ClInclude>
    <ClInclude Include="Model\Model.h">
      <Filter>Заголовочные файлы\Model</Filter>
    </ClInclude>
    <ClInclude Include="Model\ModelsFactory.h">
      <Filter>Заголовочные файлы\Model</Filter>
    </ClInclude>
    <ClInclude Include="Model\Vertex.h">
      <Filter>Заголовочные файлы\Model</Filter>
    </ClInclude>
  </ItemGroup>
  <ItemGroup>
    <ClCompile Include="DllMain.cpp">
      <Filter>Файлы исходного кода</Filter>
    </ClCompile>
    <ClCompile Include="Camera.cpp">
      <Filter>Файлы исходного кода</Filter>
    </ClCompile>
    <ClCompile Include="DehaxGL.cpp">
      <Filter>Файлы исходного кода</Filter>
    </ClCompile>
    <ClCompile Include="Scene.cpp">
      <Filter>Файлы исходного кода</Filter>
    </ClCompile>
    <ClCompile Include="Math\Matrix.cpp">
      <Filter>Файлы исходного кода\Math</Filter>
    </ClCompile>
    <ClCompile Include="Math\Vec2i.cpp">
      <Filter>Файлы исходного кода\Math</Filter>
    </ClCompile>
    <ClCompile Include="Math\Vec3f.cpp">
      <Filter>Файлы исходного кода\Math</Filter>
    </ClCompile>
    <ClCompile Include="Math\Vec3i.cpp">
      <Filter>Файлы исходного кода\Math</Filter>
    </ClCompile>
    <ClCompile Include="Math\Vec4f.cpp">
      <Filter>Файлы исходного кода\Math</Filter>
    </ClCompile>
    <ClCompile Include="Model\Vertex.cpp">
      <Filter>Файлы исходного кода\Model</Filter>
    </ClCompile>
    <ClCompile Include="Model\Face.cpp">
      <Filter>Файлы исходного кода\Model</Filter>
    </ClCompile>
    <ClCompile Include="Model\Mesh.cpp">
      <Filter>Файлы исходного кода\Model</Filter>
    </ClCompile>
    <ClCompile Include="Model\Model.cpp">
      <Filter>Файлы исходного кода\Model</Filter>
    </ClCompile>
    <ClCompile Include="Model\ModelsFactory.cpp">
      <Filter>Файлы исходного кода\Model</Filter>
    </ClCompile>
  </ItemGroup>
</Project>